
Microsoft Visual Studio Solution File, Format Version 12.00
# Visual Studio Version 16
VisualStudioVersion = 16.0.29613.14
MinimumVisualStudioVersion = 10.0.40219.1
Project("{FAE04EC0-301F-11D3-BF4B-00C04F79EFBC}") = "EscrowAPI", "EscrowAPI.csproj", "{D2E52516-0CE8-44D0-8B22-61295D3A21E4}"
EndProject
Global
	GlobalSection(SolutionConfigurationPlatforms) = preSolution
		Debug|Any CPU = Debug|Any CPU
		Release|Any CPU = Release|Any CPU
	EndGlobalSection
	GlobalSection(ProjectConfigurationPlatforms) = postSolution
		{D2E52516-0CE8-44D0-8B22-61295D3A21E4}.Debug|Any CPU.ActiveCfg = Debug|Any CPU
		{D2E52516-0CE8-44D0-8B22-61295D3A21E4}.Debug|Any CPU.Build.0 = Debug|Any CPU
		{D2E52516-0CE8-44D0-8B22-61295D3A21E4}.Release|Any CPU.ActiveCfg = Release|Any CPU
		{D2E52516-0CE8-44D0-8B22-61295D3A21E4}.Release|Any CPU.Build.0 = Release|Any CPU
	EndGlobalSection
	GlobalSection(SolutionProperties) = preSolution
		HideSolutionNode = FALSE
	EndGlobalSection
	GlobalSection(ExtensibilityGlobals) = postSolution
		SolutionGuid = {7F7E135F-31B4-4409-ACB5-DE458B97F8C4}
	EndGlobalSection
EndGlobal
